
Microsoft Visual Studio Solution File, Format Version 11.00
# Visual Studio 2010
Project("{FAE04EC0-301F-11D3-BF4B-00C04F79EFBC}") = "ClassLibraryPractice", "ClassLibraryPractice\ClassLibraryPractice.csproj", "{9BE4EE44-C35B-411E-98DD-CBB409101319}"
EndProject
Project("{FAE04EC0-301F-11D3-BF4B-00C04F79EFBC}") = "Abstract", "..\Abstract\Abstract\Abstract.csproj", "{2F9CCCFE-B7D1-42AC-BB33-C926A3B3E474}"
EndProject
Global
	GlobalSection(SolutionConfigurationPlatforms) = preSolution
		Debug|Any CPU = Debug|Any CPU
		Debug|Mixed Platforms = Debug|Mixed Platforms
		Debug|x86 = Debug|x86
		Release|Any CPU = Release|Any CPU
		Release|Mixed Platforms = Release|Mixed Platforms
		Release|x86 = Release|x86
	EndGlobalSection
	GlobalSection(ProjectConfigurationPlatforms) = postSolution
		{9BE4EE44-C35B-411E-98DD-CBB409101319}.Debug|Any CPU.ActiveCfg = Debug|Any CPU
		{9BE4EE44-C35B-411E-98DD-CBB409101319}.Debug|Any CPU.Build.0 = Debug|Any CPU
		{9BE4EE44-C35B-411E-98DD-CBB409101319}.Debug|Mixed Platforms.ActiveCfg = Debug|Any CPU
		{9BE4EE44-C35B-411E-98DD-CBB409101319}.Debug|Mixed Platforms.Build.0 = Debug|Any CPU
		{9BE4EE44-C35B-411E-98DD-CBB409101319}.Debug|x86.ActiveCfg = Debug|Any CPU
		{9BE4EE44-C35B-411E-98DD-CBB409101319}.Release|Any CPU.ActiveCfg = Release|Any CPU
		{9BE4EE44-C35B-411E-98DD-CBB409101319}.Release|Any CPU.Build.0 = Release|Any CPU
		{9BE4EE44-C35B-411E-98DD-CBB409101319}.Release|Mixed Platforms.ActiveCfg = Release|Any CPU
		{9BE4EE44-C35B-411E-98DD-CBB409101319}.Release|Mixed Platforms.Build.0 = Release|Any CPU
		{9BE4EE44-C35B-411E-98DD-CBB409101319}.Release|x86.ActiveCfg = Release|Any CPU
		{2F9CCCFE-B7D1-42AC-BB33-C926A3B3E474}.Debug|Any CPU.ActiveCfg = Debug|x86
		{2F9CCCFE-B7D1-42AC-BB33-C926A3B3E474}.Debug|Mixed Platforms.ActiveCfg = Debug|x86
		{2F9CCCFE-B7D1-42AC-BB33-C926A3B3E474}.Debug|Mixed Platforms.Build.0 = Debug|x86
		{2F9CCCFE-B7D1-42AC-BB33-C926A3B3E474}.Debug|x86.ActiveCfg = Debug|x86
		{2F9CCCFE-B7D1-42AC-BB33-C926A3B3E474}.Debug|x86.Build.0 = Debug|x86
		{2F9CCCFE-B7D1-42AC-BB33-C926A3B3E474}.Release|Any CPU.ActiveCfg = Release|x86
		{2F9CCCFE-B7D1-42AC-BB33-C926A3B3E474}.Release|Mixed Platforms.ActiveCfg = Release|x86
		{2F9CCCFE-B7D1-42AC-BB33-C926A3B3E474}.Release|Mixed Platforms.Build.0 = Release|x86
		{2F9CCCFE-B7D1-42AC-BB33-C926A3B3E474}.Release|x86.ActiveCfg = Release|x86
		{2F9CCCFE-B7D1-42AC-BB33-C926A3B3E474}.Release|x86.Build.0 = Release|x86
	EndGlobalSection
	GlobalSection(SolutionProperties) = preSolution
		HideSolutionNode = FALSE
	EndGlobalSection
EndGlobal
