
Microsoft Visual Studio Solution File, Format Version 11.00
# Visual Studio 2010
Project("{FAE04EC0-301F-11D3-BF4B-00C04F79EFBC}") = "Structure", "Structure\Structure.csproj", "{6293A943-7084-4EE1-943D-45E17F983311}"
EndProject
Global
	GlobalSection(SolutionConfigurationPlatforms) = preSolution
		Debug|x86 = Debug|x86
		Release|x86 = Release|x86
	EndGlobalSection
	GlobalSection(ProjectConfigurationPlatforms) = postSolution
		{6293A943-7084-4EE1-943D-45E17F983311}.Debug|x86.ActiveCfg = Debug|x86
		{6293A943-7084-4EE1-943D-45E17F983311}.Debug|x86.Build.0 = Debug|x86
		{6293A943-7084-4EE1-943D-45E17F983311}.Release|x86.ActiveCfg = Release|x86
		{6293A943-7084-4EE1-943D-45E17F983311}.Release|x86.Build.0 = Release|x86
	EndGlobalSection
	GlobalSection(SolutionProperties) = preSolution
		HideSolutionNode = FALSE
	EndGlobalSection
EndGlobal
